<?xml version="1.0" encoding="utf-8"?>
<Project ToolsVersion="4.0" xmlns="http://schemas.microsoft.com/developer/msbuild/2003">
  <ItemGroup>
    <Filter Include="Source Files">
      <UniqueIdentifier>{4FC737F1-C7A5-4376-A066-2A32D752A2FF}</UniqueIdentifier>
      <Extensions>cpp;c;cc;cxx;c++;cppm;ixx;def;odl;idl;hpj;bat;asm;asmx</Extensions>
    </Filter>
    <Filter Include="Header Files">
      <UniqueIdentifier>{93995380-89BD-4b04-88EB-625FBE52EBFB}</UniqueIdentifier>
      <Extensions>h;hh;hpp;hxx;h++;hm;inl;inc;ipp;xsd</Extensions>
    </Filter>
    <Filter Include="Resource Files">
      <UniqueIdentifier>{67DA6AB6-F800-4c08-8B7A-83BB121AAD01}</UniqueIdentifier>
      <Extensions>rc;ico;cur;bmp;dlg;rc2;rct;bin;rgs;gif;jpg;jpeg;jpe;resx;tiff;tif;png;wav;mfcribbon-ms</Extensions>
    </Filter>
  </ItemGroup>
  <ItemGroup>
    <ClCompile Include="main.cpp">
      <Filter>Source Files</Filter>
    </ClCompile>
    <ClCompile Include="Managers\AssetManager.cpp">
      <Filter>Source Files</Filter>
    </ClCompile>
    <ClCompile Include="GUI\Game.cpp">
      <Filter>Source Files</Filter>
    </ClCompile>
    <ClCompile Include="GUI\GameWindow.cpp">
      <Filter>Source Files</Filter>
    </ClCompile>
    <ClCompile Include="Managers\InputManager.cpp">
      <Filter>Source Files</Filter>
    </ClCompile>
    <ClCompile Include="GUI\MainMenuWindow.cpp">
      <Filter>Source Files</Filter>
    </ClCompile>
    <ClCompile Include="GUI\SettingsWindow.cpp">
      <Filter>Source Files</Filter>
    </ClCompile>
    <ClCompile Include="GUI\SplashWindow.cpp">
      <Filter>Source Files</Filter>
    </ClCompile>
    <ClCompile Include="Managers\WindowMachine.cpp">
      <Filter>Source Files</Filter>
    </ClCompile>
    <ClCompile Include="Managers\EnemyManager.cpp">
      <Filter>Source Files</Filter>
    </ClCompile>
    <ClCompile Include="GUI\GameOverWindow.cpp">
      <Filter>Source Files</Filter>
    </ClCompile>
    <ClCompile Include="GUI\Icon.cpp">
      <Filter>Source Files</Filter>
    </ClCompile>
    <ClCompile Include="Entities\Player.cpp">
      <Filter>Source Files</Filter>
    </ClCompile>
    <ClCompile Include="Entities\Enemy.cpp">
      <Filter>Source Files</Filter>
    </ClCompile>
    <ClCompile Include="Entities\Object.cpp">
      <Filter>Source Files</Filter>
    </ClCompile>
    <ClCompile Include="Entities\Projectile.cpp">
      <Filter>Source Files</Filter>
    </ClCompile>
    <ClCompile Include="Managers\ProjectileManager.cpp">
      <Filter>Source Files</Filter>
    </ClCompile>
    <ClCompile Include="Entities\Shield.cpp">
      <Filter>Source Files</Filter>
    </ClCompile>
    <ClCompile Include="Managers\ShieldManager.cpp">
      <Filter>Source Files</Filter>
    </ClCompile>
  </ItemGroup>
  <ItemGroup>
    <ClInclude Include="Managers\AssetManager.hpp">
      <Filter>Header Files</Filter>
    </ClInclude>
    <ClInclude Include="include\DEFINITIONS.hpp">
      <Filter>Header Files</Filter>
    </ClInclude>
    <ClInclude Include="GUI\Game.hpp">
      <Filter>Header Files</Filter>
    </ClInclude>
    <ClInclude Include="GUI\GameWindow.hpp">
      <Filter>Header Files</Filter>
    </ClInclude>
    <ClInclude Include="Managers\InputManager.hpp">
      <Filter>Header Files</Filter>
    </ClInclude>
    <ClInclude Include="GUI\MainMenuWindow.hpp">
      <Filter>Header Files</Filter>
    </ClInclude>
    <ClInclude Include="GUI\SettingsWindow.hpp">
      <Filter>Header Files</Filter>
    </ClInclude>
    <ClInclude Include="GUI\SplashWindow.hpp">
      <Filter>Header Files</Filter>
    </ClInclude>
    <ClInclude Include="GUI\Window.hpp">
      <Filter>Header Files</Filter>
    </ClInclude>
    <ClInclude Include="Managers\WindowMachine.hpp">
      <Filter>Header Files</Filter>
    </ClInclude>
    <ClInclude Include="Managers\EnemyManager.hpp">
      <Filter>Header Files</Filter>
    </ClInclude>
    <ClInclude Include="GUI\GameOverWindow.hpp">
      <Filter>Header Files</Filter>
    </ClInclude>
    <ClInclude Include="Entities\Player.hpp">
      <Filter>Header Files</Filter>
    </ClInclude>
    <ClInclude Include="Entities\Object.hpp">
      <Filter>Header Files</Filter>
    </ClInclude>
    <ClInclude Include="Entities\Enemy.hpp">
      <Filter>Header Files</Filter>
    </ClInclude>
    <ClInclude Include="Res\YellowEnemy.h">
      <Filter>Header Files</Filter>
    </ClInclude>
    <ClInclude Include="Entities\Projectile.hpp">
      <Filter>Header Files</Filter>
    </ClInclude>
    <ClInclude Include="Managers\ProjectileManager.hpp">
      <Filter>Header Files</Filter>
    </ClInclude>
    <ClInclude Include="Entities\Shield.hpp">
      <Filter>Header Files</Filter>
    </ClInclude>
    <ClInclude Include="Managers\ShieldManager.hpp">
      <Filter>Header Files</Filter>
    </ClInclude>
  </ItemGroup>
  <ItemGroup>
    <Library Include="lib\flac.lib" />
    <Library Include="lib\vorbisfile.lib" />
    <Library Include="lib\freetype.lib" />
    <Library Include="lib\ogg.lib" />
    <Library Include="lib\openal32.lib" />
    <Library Include="lib\sfml-audio.lib" />
    <Library Include="lib\sfml-audio-d.lib" />
    <Library Include="lib\sfml-audio-s.lib" />
    <Library Include="lib\sfml-audio-s-d.lib" />
    <Library Include="lib\sfml-graphics.lib" />
    <Library Include="lib\sfml-graphics-d.lib" />
    <Library Include="lib\sfml-graphics-s.lib" />
    <Library Include="lib\sfml-graphics-s-d.lib" />
    <Library Include="lib\sfml-main.lib" />
    <Library Include="lib\sfml-main-d.lib" />
    <Library Include="lib\sfml-network.lib" />
    <Library Include="lib\sfml-network-d.lib" />
    <Library Include="lib\sfml-network-s.lib" />
    <Library Include="lib\sfml-network-s-d.lib" />
    <Library Include="lib\sfml-system.lib" />
    <Library Include="lib\sfml-system-d.lib" />
    <Library Include="lib\sfml-system-s.lib" />
    <Library Include="lib\sfml-system-s-d.lib" />
    <Library Include="lib\sfml-window.lib" />
    <Library Include="lib\sfml-window-d.lib" />
    <Library Include="lib\sfml-window-s.lib" />
    <Library Include="lib\sfml-window-s-d.lib" />
    <Library Include="lib\vorbis.lib" />
    <Library Include="lib\vorbisenc.lib" />
  </ItemGroup>
  <ItemGroup>
    <Image Include="Res\Background.png">
      <Filter>Resource Files</Filter>
    </Image>
    <Image Include="Res\ExitButton.png">
      <Filter>Resource Files</Filter>
    </Image>
    <Image Include="Res\Icon.png">
      <Filter>Resource Files</Filter>
    </Image>
    <Image Include="Res\IntroLabel.png">
      <Filter>Resource Files</Filter>
    </Image>
    <Image Include="Res\PlayButton.png">
      <Filter>Resource Files</Filter>
    </Image>
    <Image Include="Res\SettingsButton.png">
      <Filter>Resource Files</Filter>
    </Image>
    <Image Include="Res\SpaceInvaders.png">
      <Filter>Resource Files</Filter>
    </Image>
    <Image Include="Res\YellowEnemy.png">
      <Filter>Resource Files</Filter>
    </Image>
    <Image Include="Res\Player.png">
      <Filter>Resource Files</Filter>
    </Image>
    <Image Include="Res\Shield5.png">
      <Filter>Resource Files</Filter>
    </Image>
    <Image Include="Res\Shield4.png">
      <Filter>Resource Files</Filter>
    </Image>
    <Image Include="Res\Shield2.png">
      <Filter>Resource Files</Filter>
    </Image>
    <Image Include="Res\Shield3.png">
      <Filter>Resource Files</Filter>
    </Image>
    <Image Include="Res\Shield1.png">
      <Filter>Resource Files</Filter>
    </Image>
    <Image Include="Res\Projectile.png">
      <Filter>Resource Files</Filter>
    </Image>
  </ItemGroup>
  <ItemGroup>
    <None Include="bin\sfml-window-d-2.dll" />
    <None Include="bin\sfml-audio-2.dll" />
    <None Include="bin\sfml-audio-d-2.dll" />
    <None Include="bin\sfml-graphics-2.dll" />
    <None Include="bin\sfml-graphics-d-2.dll" />
    <None Include="bin\sfml-network-2.dll" />
    <None Include="bin\sfml-network-d-2.dll" />
    <None Include="bin\sfml-system-2.dll" />
    <None Include="bin\sfml-system-d-2.dll" />
    <None Include="bin\sfml-window-2.dll" />
    <None Include="bin\openal32.dll" />
  </ItemGroup>
  <ItemGroup>
    <Font Include="fonts\CaskaydiaCoveNerdFont-Light.ttf" />
    <Font Include="fonts\BigBlueTerm437NerdFont-Regular.ttf" />
    <Font Include="fonts\BigBlueTermPlusNerdFont-Regular.ttf" />
  </ItemGroup>
</Project>